<Solution>
  <Folder Name="/src/">
    <Project Path="src/CoreChoice.Core/CoreChoice.Core.csproj" />
    <Project Path="src/CoreChoice.Server/CoreChoice.Server.csproj" />
  </Folder>
  <Folder Name="/tests/">
    <Project Path="tests/CoreChoice.Core.Tests/CoreChoice.Core.Tests.csproj" />
    <Project Path="tests/CoreChoice.Server.Tests/CoreChoice.Server.Tests.csproj" />
  </Folder>
</Solution>
